
Microsoft Visual Studio Solution File, Format Version 12.00
# Visual Studio Version 16
VisualStudioVersion = 16.0.29215.179
MinimumVisualStudioVersion = 10.0.40219.1
Project("{9A19103F-16F7-4668-BE54-9A1E7A4F7556}") = "News", "News.csproj", "{E779FE59-93BB-4163-8EB8-CA40C91E820B}"
EndProject
Global
	GlobalSection(SolutionConfigurationPlatforms) = preSolution
		Debug|Any CPU = Debug|Any CPU
		Release|Any CPU = Release|Any CPU
	EndGlobalSection
	GlobalSection(ProjectConfigurationPlatforms) = postSolution
		{E779FE59-93BB-4163-8EB8-CA40C91E820B}.Debug|Any CPU.ActiveCfg = Debug|Any CPU
		{E779FE59-93BB-4163-8EB8-CA40C91E820B}.Debug|Any CPU.Build.0 = Debug|Any CPU
		{E779FE59-93BB-4163-8EB8-CA40C91E820B}.Release|Any CPU.ActiveCfg = Release|Any CPU
		{E779FE59-93BB-4163-8EB8-CA40C91E820B}.Release|Any CPU.Build.0 = Release|Any CPU
	EndGlobalSection
	GlobalSection(SolutionProperties) = preSolution
		HideSolutionNode = FALSE
	EndGlobalSection
	GlobalSection(ExtensibilityGlobals) = postSolution
		SolutionGuid = {A915DB60-51D3-4F1B-89BD-718AF2992648}
	EndGlobalSection
EndGlobal
